
Microsoft Visual Studio Solution File, Format Version 12.00
# Visual Studio 2013
VisualStudioVersion = 12.0.21005.1
MinimumVisualStudioVersion = 10.0.40219.1
Project("{FAE04EC0-301F-11D3-BF4B-00C04F79EFBC}") = "ChatServer", "ChatServer\ChatServer.csproj", "{AB5BE5E6-93D8-428D-9D0A-7FD573D303D5}"
EndProject
Project("{FAE04EC0-301F-11D3-BF4B-00C04F79EFBC}") = "ChatClient", "ChatClient\ChatClient.csproj", "{F9444FA0-C727-4F5C-8227-CE957A506DCF}"
EndProject
Project("{FAE04EC0-301F-11D3-BF4B-00C04F79EFBC}") = "ChatService", "ChatService\ChatService.csproj", "{2587AD29-E0E2-46E2-806C-ABC875B203E7}"
EndProject
Global
	GlobalSection(SolutionConfigurationPlatforms) = preSolution
		Debug|Any CPU = Debug|Any CPU
		Release|Any CPU = Release|Any CPU
	EndGlobalSection
	GlobalSection(ProjectConfigurationPlatforms) = postSolution
		{AB5BE5E6-93D8-428D-9D0A-7FD573D303D5}.Debug|Any CPU.ActiveCfg = Debug|Any CPU
		{AB5BE5E6-93D8-428D-9D0A-7FD573D303D5}.Debug|Any CPU.Build.0 = Debug|Any CPU
		{AB5BE5E6-93D8-428D-9D0A-7FD573D303D5}.Release|Any CPU.ActiveCfg = Release|Any CPU
		{AB5BE5E6-93D8-428D-9D0A-7FD573D303D5}.Release|Any CPU.Build.0 = Release|Any CPU
		{F9444FA0-C727-4F5C-8227-CE957A506DCF}.Debug|Any CPU.ActiveCfg = Debug|Any CPU
		{F9444FA0-C727-4F5C-8227-CE957A506DCF}.Debug|Any CPU.Build.0 = Debug|Any CPU
		{F9444FA0-C727-4F5C-8227-CE957A506DCF}.Release|Any CPU.ActiveCfg = Release|Any CPU
		{F9444FA0-C727-4F5C-8227-CE957A506DCF}.Release|Any CPU.Build.0 = Release|Any CPU
		{2587AD29-E0E2-46E2-806C-ABC875B203E7}.Debug|Any CPU.ActiveCfg = Debug|Any CPU
		{2587AD29-E0E2-46E2-806C-ABC875B203E7}.Debug|Any CPU.Build.0 = Debug|Any CPU
		{2587AD29-E0E2-46E2-806C-ABC875B203E7}.Release|Any CPU.ActiveCfg = Release|Any CPU
		{2587AD29-E0E2-46E2-806C-ABC875B203E7}.Release|Any CPU.Build.0 = Release|Any CPU
	EndGlobalSection
	GlobalSection(SolutionProperties) = preSolution
		HideSolutionNode = FALSE
	EndGlobalSection
EndGlobal
